
Microsoft Visual Studio Solution File, Format Version 12.00
# Visual Studio 14
VisualStudioVersion = 14.0.25420.1
MinimumVisualStudioVersion = 10.0.40219.1
Project("{FAE04EC0-301F-11D3-BF4B-00C04F79EFBC}") = "paivaVersao0", "paivaVersao0\paivaVersao0.csproj", "{B03BE6F2-0D36-4AF3-B8C0-DD638A7D5296}"
EndProject
Global
	GlobalSection(SolutionConfigurationPlatforms) = preSolution
		Debug|Any CPU = Debug|Any CPU
		Release|Any CPU = Release|Any CPU
	EndGlobalSection
	GlobalSection(ProjectConfigurationPlatforms) = postSolution
		{B03BE6F2-0D36-4AF3-B8C0-DD638A7D5296}.Debug|Any CPU.ActiveCfg = Debug|Any CPU
		{B03BE6F2-0D36-4AF3-B8C0-DD638A7D5296}.Debug|Any CPU.Build.0 = Debug|Any CPU
		{B03BE6F2-0D36-4AF3-B8C0-DD638A7D5296}.Release|Any CPU.ActiveCfg = Release|Any CPU
		{B03BE6F2-0D36-4AF3-B8C0-DD638A7D5296}.Release|Any CPU.Build.0 = Release|Any CPU
	EndGlobalSection
	GlobalSection(SolutionProperties) = preSolution
		HideSolutionNode = FALSE
	EndGlobalSection
EndGlobal
